
Microsoft Visual Studio Solution File, Format Version 12.00
# Visual Studio 2012
Project("{059D6162-CD51-11D0-AE1F-00A0C90FFFC3}") = "hexor", "hexor\hexor.dsp", "{1D4DBC91-1D5D-4C5D-A767-5D01CF4FC175}"
EndProject
Project("{8BC9CEB8-8B4A-11D0-8D11-00A0C91BC942}") = "hk", "..\hk\hk.vcxproj", "{858B330F-D2C1-4198-9F7A-A0E46A47ADA6}"
EndProject
Project("{059D6162-CD51-11D0-AE1F-00A0C90FFFC3}") = "int", "int\int.dsp", "{88C4CDB4-387B-4689-89D2-CAFCCF795109}"
EndProject
Project("{059D6162-CD51-11D0-AE1F-00A0C90FFFC3}") = "loader", "loader\loader.dsp", "{7F4673C4-998A-422F-91A7-FD7C959E8FBA}"
EndProject
Project("{8BC9CEB8-8B4A-11D0-8D11-00A0C91BC942}") = "ubersoldat", "ubersoldat.vcxproj", "{47F55981-79D5-46E0-B720-566E01822F4E}"
EndProject
Global
	GlobalSection(SolutionConfigurationPlatforms) = preSolution
		Debug|Win32 = Debug|Win32
		Full Release|Win32 = Full Release|Win32
		Release|Win32 = Release|Win32
		Template|Win32 = Template|Win32
	EndGlobalSection
	GlobalSection(ProjectConfigurationPlatforms) = postSolution
		{858B330F-D2C1-4198-9F7A-A0E46A47ADA6}.Debug|Win32.ActiveCfg = Debug|Win32
		{858B330F-D2C1-4198-9F7A-A0E46A47ADA6}.Debug|Win32.Build.0 = Debug|Win32
		{858B330F-D2C1-4198-9F7A-A0E46A47ADA6}.Full Release|Win32.ActiveCfg = Full Release|Win32
		{858B330F-D2C1-4198-9F7A-A0E46A47ADA6}.Full Release|Win32.Build.0 = Full Release|Win32
		{858B330F-D2C1-4198-9F7A-A0E46A47ADA6}.Release|Win32.ActiveCfg = Release|Win32
		{858B330F-D2C1-4198-9F7A-A0E46A47ADA6}.Release|Win32.Build.0 = Release|Win32
		{858B330F-D2C1-4198-9F7A-A0E46A47ADA6}.Template|Win32.ActiveCfg = Release|Win32
		{858B330F-D2C1-4198-9F7A-A0E46A47ADA6}.Template|Win32.Build.0 = Release|Win32
		{47F55981-79D5-46E0-B720-566E01822F4E}.Debug|Win32.ActiveCfg = Debug|Win32
		{47F55981-79D5-46E0-B720-566E01822F4E}.Debug|Win32.Build.0 = Debug|Win32
		{47F55981-79D5-46E0-B720-566E01822F4E}.Full Release|Win32.ActiveCfg = Full Release|Win32
		{47F55981-79D5-46E0-B720-566E01822F4E}.Full Release|Win32.Build.0 = Full Release|Win32
		{47F55981-79D5-46E0-B720-566E01822F4E}.Release|Win32.ActiveCfg = Release|Win32
		{47F55981-79D5-46E0-B720-566E01822F4E}.Release|Win32.Build.0 = Release|Win32
		{47F55981-79D5-46E0-B720-566E01822F4E}.Template|Win32.ActiveCfg = Template|Win32
		{47F55981-79D5-46E0-B720-566E01822F4E}.Template|Win32.Build.0 = Template|Win32
	EndGlobalSection
	GlobalSection(SolutionProperties) = preSolution
		HideSolutionNode = FALSE
	EndGlobalSection
EndGlobal
