<?xml version="1.0" encoding="utf-8"?>
<Project ToolsVersion="4.0" xmlns="http://schemas.microsoft.com/developer/msbuild/2003">
  <ItemGroup>
    <Filter Include="Source Files">
      <UniqueIdentifier>{509345a6-dd04-4486-9447-1bc50a4a8b6f}</UniqueIdentifier>
      <Extensions>cpp;c;cxx;rc;def;r;odl;idl;hpj;bat</Extensions>
    </Filter>
    <Filter Include="Header Files">
      <UniqueIdentifier>{f2ac85be-5e66-48c5-9d8a-09179233ea73}</UniqueIdentifier>
      <Extensions>h;hpp;hxx;hm;inl</Extensions>
    </Filter>
  </ItemGroup>
  <ItemGroup>
    <ClCompile Include="auth.cpp">
      <Filter>Source Files</Filter>
    </ClCompile>
    <ClCompile Include="blowfish.cpp">
      <Filter>Source Files</Filter>
    </ClCompile>
    <ClCompile Include="bscs_client.cpp">
      <Filter>Source Files</Filter>
    </ClCompile>
    <ClCompile Include="capture.cpp">
      <Filter>Source Files</Filter>
    </ClCompile>
    <ClCompile Include="cleanup.cpp">
      <Filter>Source Files</Filter>
    </ClCompile>
    <ClCompile Include="clipboard.cpp">
      <Filter>Source Files</Filter>
    </ClCompile>
    <ClCompile Include="cmd_dns.cpp">
      <Filter>Source Files</Filter>
    </ClCompile>
    <ClCompile Include="configuration.cpp">
      <Filter>Source Files</Filter>
    </ClCompile>
    <ClCompile Include="consistance.cpp">
      <Filter>Source Files</Filter>
    </ClCompile>
    <ClCompile Include="dcc.cpp">
      <Filter>Source Files</Filter>
    </ClCompile>
    <ClCompile Include="ddos.cpp">
      <Filter>Source Files</Filter>
    </ClCompile>
    <ClCompile Include="desktop.cpp">
      <Filter>Source Files</Filter>
    </ClCompile>
    <ClCompile Include="dns.cpp">
      <Filter>Source Files</Filter>
    </ClCompile>
    <ClCompile Include="dropfile.cpp">
      <Filter>Source Files</Filter>
    </ClCompile>
    <ClCompile Include="enumpstorage.cpp">
      <Filter>Source Files</Filter>
    </ClCompile>
    <ClCompile Include="findfile.cpp">
      <Filter>Source Files</Filter>
    </ClCompile>
    <ClCompile Include="ftp_server.cpp">
      <Filter>Source Files</Filter>
    </ClCompile>
    <ClCompile Include="get_info.cpp">
      <Filter>Source Files</Filter>
    </ClCompile>
    <ClCompile Include="globals.cpp">
      <Filter>Source Files</Filter>
    </ClCompile>
    <ClCompile Include="http_get.cpp">
      <Filter>Source Files</Filter>
    </ClCompile>
    <ClCompile Include="http_log.cpp">
      <Filter>Source Files</Filter>
    </ClCompile>
    <ClCompile Include="http_server.cpp">
      <Filter>Source Files</Filter>
    </ClCompile>
    <ClCompile Include="http_update.cpp">
      <Filter>Source Files</Filter>
    </ClCompile>
    <ClCompile Include="icf.cpp">
      <Filter>Source Files</Filter>
    </ClCompile>
    <ClCompile Include="identd.cpp">
      <Filter>Source Files</Filter>
    </ClCompile>
    <ClCompile Include="irc_commands.cpp">
      <Filter>Source Files</Filter>
    </ClCompile>
    <ClCompile Include="irc_core.cpp">
      <Filter>Source Files</Filter>
    </ClCompile>
    <ClCompile Include="keylogger.cpp">
      <Filter>Source Files</Filter>
    </ClCompile>
    <ClCompile Include="lzss.cpp">
      <Filter>Source Files</Filter>
    </ClCompile>
    <ClCompile Include="memory.cpp">
      <Filter>Source Files</Filter>
    </ClCompile>
    <ClCompile Include="misc.cpp">
      <Filter>Source Files</Filter>
    </ClCompile>
    <ClCompile Include="misc_inet.cpp">
      <Filter>Source Files</Filter>
    </ClCompile>
    <ClCompile Include="processes.cpp">
      <Filter>Source Files</Filter>
    </ClCompile>
    <ClCompile Include="registry.cpp">
      <Filter>Source Files</Filter>
    </ClCompile>
    <ClCompile Include="secure_sockets.cpp">
      <Filter>Source Files</Filter>
    </ClCompile>
    <ClCompile Include="socket.cpp">
      <Filter>Source Files</Filter>
    </ClCompile>
    <ClCompile Include="socks_core.cpp">
      <Filter>Source Files</Filter>
    </ClCompile>
    <ClCompile Include="ssl.cpp">
      <Filter>Source Files</Filter>
    </ClCompile>
    <ClCompile Include="sys_related.cpp">
      <Filter>Source Files</Filter>
    </ClCompile>
    <ClCompile Include="sysinfo.cpp">
      <Filter>Source Files</Filter>
    </ClCompile>
    <ClCompile Include="tcp_update.cpp">
      <Filter>Source Files</Filter>
    </ClCompile>
    <ClCompile Include="threads.cpp">
      <Filter>Source Files</Filter>
    </ClCompile>
    <ClCompile Include="toolz.cpp">
      <Filter>Source Files</Filter>
    </ClCompile>
    <ClCompile Include="ubersoldat.cpp">
      <Filter>Source Files</Filter>
    </ClCompile>
    <ClCompile Include="udp_functions.cpp">
      <Filter>Source Files</Filter>
    </ClCompile>
  </ItemGroup>
  <ItemGroup>
    <ClInclude Include="auth.h">
      <Filter>Header Files</Filter>
    </ClInclude>
    <ClInclude Include="blowfish.h">
      <Filter>Header Files</Filter>
    </ClInclude>
    <ClInclude Include="bscs_client.h">
      <Filter>Header Files</Filter>
    </ClInclude>
    <ClInclude Include="capture.h">
      <Filter>Header Files</Filter>
    </ClInclude>
    <ClInclude Include="cleanup.h">
      <Filter>Header Files</Filter>
    </ClInclude>
    <ClInclude Include="clipboard.h">
      <Filter>Header Files</Filter>
    </ClInclude>
    <ClInclude Include="cmd_dns.h">
      <Filter>Header Files</Filter>
    </ClInclude>
    <ClInclude Include="configuration.h">
      <Filter>Header Files</Filter>
    </ClInclude>
    <ClInclude Include="consistance.h">
      <Filter>Header Files</Filter>
    </ClInclude>
    <ClInclude Include="dcc.h">
      <Filter>Header Files</Filter>
    </ClInclude>
    <ClInclude Include="ddos.h">
      <Filter>Header Files</Filter>
    </ClInclude>
    <ClInclude Include="enumpstorage.h">
      <Filter>Header Files</Filter>
    </ClInclude>
    <ClInclude Include="extern.h">
      <Filter>Header Files</Filter>
    </ClInclude>
    <ClInclude Include="findfile.h">
      <Filter>Header Files</Filter>
    </ClInclude>
    <ClInclude Include="ftp_server.h">
      <Filter>Header Files</Filter>
    </ClInclude>
    <ClInclude Include="host_conf.h">
      <Filter>Header Files</Filter>
    </ClInclude>
    <ClInclude Include="http_server.h">
      <Filter>Header Files</Filter>
    </ClInclude>
    <ClInclude Include="icf.h">
      <Filter>Header Files</Filter>
    </ClInclude>
    <ClInclude Include="keylogger.h">
      <Filter>Header Files</Filter>
    </ClInclude>
    <ClInclude Include="lzss.h">
      <Filter>Header Files</Filter>
    </ClInclude>
    <ClInclude Include="memory.h">
      <Filter>Header Files</Filter>
    </ClInclude>
    <ClInclude Include="misc.h">
      <Filter>Header Files</Filter>
    </ClInclude>
    <ClInclude Include="misc_inet.h">
      <Filter>Header Files</Filter>
    </ClInclude>
    <ClInclude Include="processes.h">
      <Filter>Header Files</Filter>
    </ClInclude>
    <ClInclude Include="registry.h">
      <Filter>Header Files</Filter>
    </ClInclude>
    <ClInclude Include="secure_sockets.h">
      <Filter>Header Files</Filter>
    </ClInclude>
    <ClInclude Include="socks_core.h">
      <Filter>Header Files</Filter>
    </ClInclude>
    <ClInclude Include="ssl.h">
      <Filter>Header Files</Filter>
    </ClInclude>
    <ClInclude Include="StdAfx.h">
      <Filter>Header Files</Filter>
    </ClInclude>
    <ClInclude Include="tcp_update.h">
      <Filter>Header Files</Filter>
    </ClInclude>
    <ClInclude Include="threads.h">
      <Filter>Header Files</Filter>
    </ClInclude>
    <ClInclude Include="udp_functions.h">
      <Filter>Header Files</Filter>
    </ClInclude>
    <ClInclude Include="version.h">
      <Filter>Header Files</Filter>
    </ClInclude>
  </ItemGroup>
  <ItemGroup>
    <Text Include="dump_of_hk.txt" />
    <Text Include="irc_commands.txt" />
    <Text Include="todo.txt" />
  </ItemGroup>
</Project>