
Microsoft Visual Studio Solution File, Format Version 9.00
# Visual Studio 2005
Project("{059D6162-CD51-11D0-AE1F-00A0C90FFFC3}") = "hexor", "hexor\hexor.dsp", "{3AA1CEDE-5F5C-417B-AC98-054A78237EA9}"
EndProject
Project("{059D6162-CD51-11D0-AE1F-00A0C90FFFC3}") = "int", "int\int.dsp", "{4B607840-3E3E-464B-A4EC-8CD62B2DC45A}"
EndProject
Project("{059D6162-CD51-11D0-AE1F-00A0C90FFFC3}") = "loader", "loader\loader.dsp", "{FF976552-BC4C-4D96-B1B7-B438E64A4FAF}"
EndProject
Project("{8BC9CEB8-8B4A-11D0-8D11-00A0C91BC942}") = "ubersoldat", "ubersoldat.vcproj", "{D7611FD3-EF0E-4E17-8787-A9AB82F386DA}"
EndProject
Global
	GlobalSection(SolutionConfigurationPlatforms) = preSolution
		Debug|Win32 = Debug|Win32
		Full Release|Win32 = Full Release|Win32
		Release|Win32 = Release|Win32
	EndGlobalSection
	GlobalSection(ProjectConfigurationPlatforms) = postSolution
		{D7611FD3-EF0E-4E17-8787-A9AB82F386DA}.Debug|Win32.ActiveCfg = Debug|Win32
		{D7611FD3-EF0E-4E17-8787-A9AB82F386DA}.Debug|Win32.Build.0 = Debug|Win32
		{D7611FD3-EF0E-4E17-8787-A9AB82F386DA}.Full Release|Win32.ActiveCfg = Full Release|Win32
		{D7611FD3-EF0E-4E17-8787-A9AB82F386DA}.Full Release|Win32.Build.0 = Full Release|Win32
		{D7611FD3-EF0E-4E17-8787-A9AB82F386DA}.Release|Win32.ActiveCfg = Release|Win32
		{D7611FD3-EF0E-4E17-8787-A9AB82F386DA}.Release|Win32.Build.0 = Release|Win32
	EndGlobalSection
	GlobalSection(SolutionProperties) = preSolution
		HideSolutionNode = FALSE
	EndGlobalSection
EndGlobal
